dependencies:
  ali-oss: 6.9.0
  chalk: 4.0.0
  ignore: 5.1.8
  sade: 1.7.3
  xxhash: 0.3.0
devDependencies:
  '@types/node': 14.0.11
  '@types/sade': 1.7.1
lockfileVersion: 5.1
packages:
  /@types/color-name/1.1.1:
    dev: false
    resolution:
      integrity: sha1-HBJhu+qhCoBVu8XYq4S3sq/IRqA=
      tarball: '@types/color-name/download/@types/color-name-1.1.1.tgz'
  /@types/mri/1.1.0:
    dev: true
    resolution:
      integrity: sha1-ZlVeTXl3E3ieoP79rgiY2BcL9a8=
      tarball: '@types/mri/download/@types/mri-1.1.0.tgz'
  /@types/node/14.0.11:
    dev: true
    resolution:
      integrity: sha1-YdSIbiQk2nO3slVH9Z/ctTTBZaM=
      tarball: '@types/node/download/@types/node-14.0.11.tgz'
  /@types/sade/1.7.1:
    dependencies:
      '@types/mri': 1.1.0
    dev: true
    resolution:
      integrity: sha1-oJUwXwdq9S3pkY+zeWC0E6+GU/o=
      tarball: '@types/sade/download/@types/sade-1.7.1.tgz'
  /address/1.1.2:
    dev: false
    engines:
      node: '>= 0.12.0'
    resolution:
      integrity: sha1-vxEWycdYxRt6kz0pa3LCIe2UKLY=
      tarball: address/download/address-1.1.2.tgz
  /agent-base/4.2.1:
    dependencies:
      es6-promisify: 5.0.0
    dev: false
    engines:
      node: '>= 4.0.0'
    resolution:
      integrity: sha1-2J5ZmfeXh1Z0wH2H8mD8Qeg+jKk=
      tarball: agent-base/download/agent-base-4.2.1.tgz
  /agent-base/4.3.0:
    dependencies:
      es6-promisify: 5.0.0
    dev: false
    engines:
      node: '>= 4.0.0'
    resolution:
      integrity: sha1-gWXwHENgCbzK0LHRIvBe13Dvxu4=
      tarball: agent-base/download/agent-base-4.3.0.tgz
  /agentkeepalive/3.5.2:
    dependencies:
      humanize-ms: 1.2.1
    dev: false
    engines:
      node: '>= 4.0.0'
    resolution:
      integrity: sha1-oROSTdP6JKC8O3gQjEUMKr7gD2c=
      tarball: agentkeepalive/download/agentkeepalive-3.5.2.tgz
  /ali-oss/6.9.0:
    dependencies:
      address: 1.1.2
      agentkeepalive: 3.5.2
      any-promise: 1.3.0
      bowser: 1.9.4
      co-defer: 1.0.0
      copy-to: 2.0.1
      dateformat: 2.2.0
      debug: 2.6.9
      destroy: 1.0.4
      end-or-error: 1.0.1
      get-ready: 1.0.0
      humanize-ms: 1.2.1
      is-type-of: 1.2.1
      js-base64: 2.5.2
      jstoxml: 0.2.4
      merge-descriptors: 1.0.1
      mime: 2.4.6
      mz-modules: 2.1.0
      platform: 1.3.5
      pump: 3.0.0
      sdk-base: 2.0.1
      stream-http: 2.8.2
      stream-wormhole: 1.1.0
      urllib: 2.35.0
      utility: 1.16.3
      xml2js: 0.4.23
    dev: false
    engines:
      node: '>=8'
    resolution:
      integrity: sha1-nfMlZDRke+i43VDnsBkVw7OycLU=
      tarball: ali-oss/download/ali-oss-6.9.0.tgz
  /ansi-styles/4.2.1:
    dependencies:
      '@types/color-name': 1.1.1
      color-convert: 2.0.1
    dev: false
    engines:
      node: '>=8'
    resolution:
      integrity: sha1-kK51xCTQCNJiTFvynq0xd+v881k=
      tarball: ansi-styles/download/ansi-styles-4.2.1.tgz
  /any-promise/1.3.0:
    dev: false
    resolution:
      integrity: sha1-q8av7tzqUugJzcA3au0845Y10X8=
      tarball: any-promise/download/any-promise-1.3.0.tgz
  /ast-types/0.13.3:
    dev: false
    engines:
      node: '>=4'
    resolution:
      integrity: sha1-UNo/KNF728eWmjotg6DkpyrnVac=
      tarball: ast-types/download/ast-types-0.13.3.tgz
  /balanced-match/1.0.0:
    dev: false
    resolution:
      integrity: sha1-ibTRmasr7kneFk6gK4nORi1xt2c=
      tarball: balanced-match/download/balanced-match-1.0.0.tgz
  /bowser/1.9.4:
    dev: false
    resolution:
      integrity: sha1-iQxYooE6nTJDcEM0+oG5alwVDJo=
      tarball: bowser/download/bowser-1.9.4.tgz
  /brace-expansion/1.1.11:
    dependencies:
      balanced-match: 1.0.0
      concat-map: 0.0.1
    dev: false
    resolution:
      integrity: sha1-PH/L9SnYcibz0vUrlm/1Jx60Qd0=
      tarball: brace-expansion/download/brace-expansion-1.1.11.tgz
  /builtin-status-codes/3.0.0:
    dev: false
    resolution:
      integrity: sha1-hZgoeOIbmOHGZCXgPQF0eI9Wnug=
      tarball: builtin-status-codes/download/builtin-status-codes-3.0.0.tgz
  /bytes/3.1.0:
    dev: false
    engines:
      node: '>= 0.8'
    resolution:
      integrity: sha1-9s95M6Ng4FiPqf3oVlHNx/gF0fY=
      tarball: bytes/download/bytes-3.1.0.tgz
  /chalk/4.0.0:
    dependencies:
      ansi-styles: 4.2.1
      supports-color: 7.1.0
    dev: false
    engines:
      node: '>=10'
    resolution:
      integrity: sha1-bpgIHtLRf6q2FetSrGbsH+YgnnI=
      tarball: chalk/download/chalk-4.0.0.tgz
  /co-defer/1.0.0:
    dev: false
    engines:
      node: '>= 0.11.14'
    peerDependencies:
      co: '4'
    resolution:
      integrity: sha1-Pkp4eo7tawoh7ih8CU9+jeDTyBg=
      tarball: co-defer/download/co-defer-1.0.0.tgz
  /co/4.6.0:
    dev: false
    engines:
      iojs: '>= 1.0.0'
      node: '>= 0.12.0'
    resolution:
      integrity: sha1-bqa989hTrlTMuOR7+gvz+QMfsYQ=
      tarball: co/download/co-4.6.0.tgz
  /color-convert/2.0.1:
    dependencies:
      color-name: 1.1.4
    dev: false
    engines:
      node: '>=7.0.0'
    resolution:
      integrity: sha1-ctOmjVmMm9s68q0ehPIdiWq9TeM=
      tarball: color-convert/download/color-convert-2.0.1.tgz
  /color-name/1.1.4:
    dev: false
    resolution:
      integrity: sha1-wqCah6y95pVD3m9j+jmVyCbFNqI=
      tarball: color-name/download/color-name-1.1.4.tgz
  /concat-map/0.0.1:
    dev: false
    resolution:
      integrity: sha1-2Klr13/Wjfd5OnMDajug1UBdR3s=
      tarball: concat-map/download/concat-map-0.0.1.tgz?cache=0&other_urls=https%3A%2F%2Fregistry.npm.taobao.org%2Fconcat-map%2Fdownload%2Fconcat-map-0.0.1.tgz
  /content-type/1.0.4:
    dev: false
    engines:
      node: '>= 0.6'
    resolution:
      integrity: sha1-4TjMdeBAxyexlm/l5fjJruJW/js=
      tarball: content-type/download/content-type-1.0.4.tgz?cache=0&other_urls=https%3A%2F%2Fregistry.npm.taobao.org%2Fcontent-type%2Fdownload%2Fcontent-type-1.0.4.tgz
  /copy-to/2.0.1:
    dev: false
    resolution:
      integrity: sha1-JoD7uAaKSNCGVrYJgJK9r8kG9KU=
      tarball: copy-to/download/copy-to-2.0.1.tgz
  /core-util-is/1.0.2:
    dev: false
    resolution:
      integrity: sha1-tf1UIgqivFq1eqtxQMlAdUUDwac=
      tarball: core-util-is/download/core-util-is-1.0.2.tgz
  /data-uri-to-buffer/1.2.0:
    dev: false
    resolution:
      integrity: sha1-dxY+qcINhkG0cH6PGKvfmnjzSDU=
      tarball: data-uri-to-buffer/download/data-uri-to-buffer-1.2.0.tgz
  /dateformat/2.2.0:
    dev: false
    resolution:
      integrity: sha1-QGXiATz5+5Ft39gu+1Bq1MZ2kGI=
      tarball: dateformat/download/dateformat-2.2.0.tgz
  /debug/2.6.9:
    dependencies:
      ms: 2.0.0
    dev: false
    resolution:
      integrity: sha1-XRKFFd8TT/Mn6QpMk/Tgd6U2NB8=
      tarball: debug/download/debug-2.6.9.tgz
  /debug/3.1.0:
    dependencies:
      ms: 2.0.0
    dev: false
    resolution:
      integrity: sha1-W7WgZyYotkFJVmuhaBnmFRjGcmE=
      tarball: debug/download/debug-3.1.0.tgz
  /debug/4.1.1:
    dependencies:
      ms: 2.1.2
    dev: false
    resolution:
      integrity: sha1-O3ImAlUQnGtYnO4FDx1RYTlmR5E=
      tarball: debug/download/debug-4.1.1.tgz
  /deep-is/0.1.3:
    dev: false
    resolution:
      integrity: sha1-s2nW+128E+7PUk+RsHD+7cNXzzQ=
      tarball: deep-is/download/deep-is-0.1.3.tgz
  /default-user-agent/1.0.0:
    dependencies:
      os-name: 1.0.3
    dev: false
    engines:
      node: '>= 0.10.0'
    resolution:
      integrity: sha1-FsRu/cq6PtxF8k8r1IaLAbfCrcY=
      tarball: default-user-agent/download/default-user-agent-1.0.0.tgz
  /degenerator/1.0.4:
    dependencies:
      ast-types: 0.13.3
      escodegen: 1.14.2
      esprima: 3.1.3
    dev: false
    resolution:
      integrity: sha1-/PSQo37OJmRk2cxDGrmMWBnO0JU=
      tarball: degenerator/download/degenerator-1.0.4.tgz
  /depd/1.1.2:
    dev: false
    engines:
      node: '>= 0.6'
    resolution:
      integrity: sha1-m81S4UwJd2PnSbJ0xDRu0uVgtak=
      tarball: depd/download/depd-1.1.2.tgz
  /destroy/1.0.4:
    dev: false
    resolution:
      integrity: sha1-l4hXRCxEdJ5CBmE+N5RiBYJqvYA=
      tarball: destroy/download/destroy-1.0.4.tgz
  /digest-header/0.0.1:
    dependencies:
      utility: 0.1.11
    dev: false
    engines:
      node: '>= 0.10.0'
    resolution:
      integrity: sha1-Ecz23uxXZqw3l0TZAcEsuklRS+Y=
      tarball: digest-header/download/digest-header-0.0.1.tgz
  /ee-first/1.1.1:
    dev: false
    resolution:
      integrity: sha1-WQxhFWsK4vTwJVcyoViyZrxWsh0=
      tarball: ee-first/download/ee-first-1.1.1.tgz
  /end-of-stream/1.4.4:
    dependencies:
      once: 1.4.0
    dev: false
    resolution:
      integrity: sha1-WuZKX0UFe682JuwU2gyl5LJDHrA=
      tarball: end-of-stream/download/end-of-stream-1.4.4.tgz
  /end-or-error/1.0.1:
    dev: false
    engines:
      node: '>= 0.11.14'
    resolution:
      integrity: sha1-3HpiEP5403L+4kqLSJnb0VVBTcs=
      tarball: end-or-error/download/end-or-error-1.0.1.tgz
  /es6-promise/4.2.8:
    dev: false
    resolution:
      integrity: sha1-TrIVlMlyvEBVPSduUQU5FD21Pgo=
      tarball: es6-promise/download/es6-promise-4.2.8.tgz
  /es6-promisify/5.0.0:
    dependencies:
      es6-promise: 4.2.8
    dev: false
    resolution:
      integrity: sha1-UQnWLz5W6pZ8S2NQWu8IKRyKUgM=
      tarball: es6-promisify/download/es6-promisify-5.0.0.tgz
  /escape-html/1.0.3:
    dev: false
    resolution:
      integrity: sha1-Aljq5NPQwJdN4cFpGI7wBR0dGYg=
      tarball: escape-html/download/escape-html-1.0.3.tgz
  /escodegen/1.14.2:
    dependencies:
      esprima: 4.0.1
      estraverse: 4.3.0
      esutils: 2.0.3
      optionator: 0.8.3
    dev: false
    engines:
      node: '>=4.0'
    hasBin: true
    optionalDependencies:
      source-map: 0.6.1
    resolution:
      integrity: sha1-FKtxv1AmwqoIFzr7oixvMXMoSoQ=
      tarball: escodegen/download/escodegen-1.14.2.tgz
  /esprima/3.1.3:
    dev: false
    engines:
      node: '>=4'
    hasBin: true
    resolution:
      integrity: sha1-/cpRzuYTOJXjyI1TXOSdv/YqRjM=
      tarball: esprima/download/esprima-3.1.3.tgz
  /esprima/4.0.1:
    dev: false
    engines:
      node: '>=4'
    hasBin: true
    resolution:
      integrity: sha1-E7BM2z5sXRnfkatph6hpVhmwqnE=
      tarball: esprima/download/esprima-4.0.1.tgz
  /estraverse/4.3.0:
    dev: false
    engines:
      node: '>=4.0'
    resolution:
      integrity: sha1-OYrT88WiSUi+dyXoPRGn3ijNvR0=
      tarball: estraverse/download/estraverse-4.3.0.tgz
  /esutils/2.0.3:
    dev: false
    engines:
      node: '>=0.10.0'
    resolution:
      integrity: sha1-dNLrTeC42hKTcRkQ1Qd1ubcQ72Q=
      tarball: esutils/download/esutils-2.0.3.tgz
  /extend-shallow/2.0.1:
    dependencies:
      is-extendable: 0.1.1
    dev: false
    engines:
      node: '>=0.10.0'
    resolution:
      integrity: sha1-Ua99YUrZqfYQ6huvu5idaxxWiQ8=
      tarball: extend-shallow/download/extend-shallow-2.0.1.tgz
  /extend/3.0.2:
    dev: false
    resolution:
      integrity: sha1-+LETa0Bx+9jrFAr/hYsQGewpFfo=
      tarball: extend/download/extend-3.0.2.tgz
  /fast-levenshtein/2.0.6:
    dev: false
    resolution:
      integrity: sha1-PYpcZog6FqMMqGQ+hR8Zuqd5eRc=
      tarball: fast-levenshtein/download/fast-levenshtein-2.0.6.tgz
  /file-uri-to-path/1.0.0:
    dev: false
    resolution:
      integrity: sha1-VTp7hEb/b2hDWcRF8eN6BdrMM90=
      tarball: file-uri-to-path/download/file-uri-to-path-1.0.0.tgz
  /formstream/1.1.0:
    dependencies:
      destroy: 1.0.4
      mime: 1.6.0
      pause-stream: 0.0.11
    dev: false
    resolution:
      integrity: sha1-UfOXDyYTbrCtRDBN5M67UCB7RHk=
      tarball: formstream/download/formstream-1.1.0.tgz
  /fs.realpath/1.0.0:
    dev: false
    resolution:
      integrity: sha1-FQStJSMVjKpA20onh8sBQRmU6k8=
      tarball: fs.realpath/download/fs.realpath-1.0.0.tgz
  /ftp/0.3.10:
    dependencies:
      readable-stream: 1.1.14
      xregexp: 2.0.0
    dev: false
    engines:
      node: '>=0.8.0'
    resolution:
      integrity: sha1-kZfYYa2BQvPmPVqDv+TFn3MwiF0=
      tarball: ftp/download/ftp-0.3.10.tgz
  /get-ready/1.0.0:
    dev: false
    resolution:
      integrity: sha1-+RgX8emt7P6hOlYq38jeiDqzR4I=
      tarball: get-ready/download/get-ready-1.0.0.tgz
  /get-uri/2.0.4:
    dependencies:
      data-uri-to-buffer: 1.2.0
      debug: 2.6.9
      extend: 3.0.2
      file-uri-to-path: 1.0.0
      ftp: 0.3.10
      readable-stream: 2.3.7
    dev: false
    resolution:
      integrity: sha1-1JN6uBniGNTLWuGOT1livvFpzGo=
      tarball: get-uri/download/get-uri-2.0.4.tgz
  /glob/7.1.6:
    dependencies:
      fs.realpath: 1.0.0
      inflight: 1.0.6
      inherits: 2.0.4
      minimatch: 3.0.4
      once: 1.4.0
      path-is-absolute: 1.0.1
    dev: false
    resolution:
      integrity: sha1-FB8zuBp8JJLhJVlDB0gMRmeSeKY=
      tarball: glob/download/glob-7.1.6.tgz
  /has-flag/4.0.0:
    dev: false
    engines:
      node: '>=8'
    resolution:
      integrity: sha1-lEdx/ZyByBJlxNaUGGDaBrtZR5s=
      tarball: has-flag/download/has-flag-4.0.0.tgz
  /http-errors/1.7.3:
    dependencies:
      depd: 1.1.2
      inherits: 2.0.4
      setprototypeof: 1.1.1
      statuses: 1.5.0
      toidentifier: 1.0.0
    dev: false
    engines:
      node: '>= 0.6'
    resolution:
      integrity: sha1-bGGeT5xgMIw4UZSYwU+7EKrOuwY=
      tarball: http-errors/download/http-errors-1.7.3.tgz
  /http-proxy-agent/2.1.0:
    dependencies:
      agent-base: 4.3.0
      debug: 3.1.0
    dev: false
    engines:
      node: '>= 4.5.0'
    resolution:
      integrity: sha1-5IIb7vWyFCogJr1zkm/lN2McVAU=
      tarball: http-proxy-agent/download/http-proxy-agent-2.1.0.tgz
  /https-proxy-agent/3.0.1:
    dependencies:
      agent-base: 4.3.0
      debug: 3.1.0
    dev: false
    engines:
      node: '>= 4.5.0'
    resolution:
      integrity: sha1-uMKGQz6HYCMRsByOo0QT2Fakr4E=
      tarball: https-proxy-agent/download/https-proxy-agent-3.0.1.tgz
  /humanize-ms/1.2.1:
    dependencies:
      ms: 2.1.2
    dev: false
    resolution:
      integrity: sha1-xG4xWaKT9riW2ikxbYtv6Lt5u+0=
      tarball: humanize-ms/download/humanize-ms-1.2.1.tgz
  /iconv-lite/0.4.24:
    dependencies:
      safer-buffer: 2.1.2
    dev: false
    engines:
      node: '>=0.10.0'
    resolution:
      integrity: sha1-ICK0sl+93CHS9SSXSkdKr+czkIs=
      tarball: iconv-lite/download/iconv-lite-0.4.24.tgz
  /ignore/5.1.8:
    dev: false
    engines:
      node: '>= 4'
    resolution:
      integrity: sha1-8VCotQo0KJsz4i9YiavU2AFvDlc=
      tarball: ignore/download/ignore-5.1.8.tgz
  /inflight/1.0.6:
    dependencies:
      once: 1.4.0
      wrappy: 1.0.2
    dev: false
    resolution:
      integrity: sha1-Sb1jMdfQLQwJvJEKEHW6gWW1bfk=
      tarball: inflight/download/inflight-1.0.6.tgz
  /inherits/2.0.4:
    dev: false
    resolution:
      integrity: sha1-D6LGT5MpF8NDOg3tVTY6rjdBa3w=
      tarball: inherits/download/inherits-2.0.4.tgz
  /ip/1.1.5:
    dev: false
    resolution:
      integrity: sha1-vd7XARQpCCjAoDnnLvJfWq7ENUo=
      tarball: ip/download/ip-1.1.5.tgz
  /is-class-hotfix/0.0.6:
    dev: false
    resolution:
      integrity: sha1-pSfTH7IyeSgd3l84XHe13nCnJDU=
      tarball: is-class-hotfix/download/is-class-hotfix-0.0.6.tgz
  /is-extendable/0.1.1:
    dev: false
    engines:
      node: '>=0.10.0'
    resolution:
      integrity: sha1-YrEQ4omkcUGOPsNqYX1HLjAd/Ik=
      tarball: is-extendable/download/is-extendable-0.1.1.tgz
  /is-type-of/1.2.1:
    dependencies:
      core-util-is: 1.0.2
      is-class-hotfix: 0.0.6
      isstream: 0.1.2
    dev: false
    resolution:
      integrity: sha1-4mPsOFes608oxHEw7HjbCakg+MU=
      tarball: is-type-of/download/is-type-of-1.2.1.tgz
  /isarray/0.0.1:
    dev: false
    resolution:
      integrity: sha1-ihis/Kmo9Bd+Cav8YDiTmwXR7t8=
      tarball: isarray/download/isarray-0.0.1.tgz
  /isarray/1.0.0:
    dev: false
    resolution:
      integrity: sha1-u5NdSFgsuhaMBoNJV6VKPgcSTxE=
      tarball: isarray/download/isarray-1.0.0.tgz
  /isstream/0.1.2:
    dev: false
    resolution:
      integrity: sha1-R+Y/evVa+m+S4VAOaQ64uFKcCZo=
      tarball: isstream/download/isstream-0.1.2.tgz
  /js-base64/2.5.2:
    dev: false
    resolution:
      integrity: sha1-MTtidN2nGPcU0AszMLuubjjpAgk=
      tarball: js-base64/download/js-base64-2.5.2.tgz
  /jstoxml/0.2.4:
    dev: false
    engines:
      node: '>=0.2.0'
    resolution:
      integrity: sha1-/z+2eFaIOgMpU8fOjOdIYhD0hEc=
      tarball: jstoxml/download/jstoxml-0.2.4.tgz
  /ko-sleep/1.0.3:
    dependencies:
      ms: 2.1.2
    dev: false
    resolution:
      integrity: sha1-KKKgoUhei39BX/SI3uF9JHiKsII=
      tarball: ko-sleep/download/ko-sleep-1.0.3.tgz
  /levn/0.3.0:
    dependencies:
      prelude-ls: 1.1.2
      type-check: 0.3.2
    dev: false
    engines:
      node: '>= 0.8.0'
    resolution:
      integrity: sha1-OwmSTt+fCDwEkP3UwLxEIeBHZO4=
      tarball: levn/download/levn-0.3.0.tgz
  /lru-cache/5.1.1:
    dependencies:
      yallist: 3.1.1
    dev: false
    resolution:
      integrity: sha1-HaJ+ZxAnGUdpXa9oSOhH8B2EuSA=
      tarball: lru-cache/download/lru-cache-5.1.1.tgz
  /merge-descriptors/1.0.1:
    dev: false
    resolution:
      integrity: sha1-sAqqVW3YtEVoFQ7J0blT8/kMu2E=
      tarball: merge-descriptors/download/merge-descriptors-1.0.1.tgz
  /mime/1.6.0:
    dev: false
    engines:
      node: '>=4'
    hasBin: true
    resolution:
      integrity: sha1-Ms2eXGRVO9WNGaVor0Uqz/BJgbE=
      tarball: mime/download/mime-1.6.0.tgz
  /mime/2.4.6:
    dev: false
    engines:
      node: '>=4.0.0'
    hasBin: true
    resolution:
      integrity: sha1-5bQHyQ20QvK+tbFiNz0Htpr/pNE=
      tarball: mime/download/mime-2.4.6.tgz
  /minimatch/3.0.4:
    dependencies:
      brace-expansion: 1.1.11
    dev: false
    resolution:
      integrity: sha1-UWbihkV/AzBgZL5Ul+jbsMPTIIM=
      tarball: minimatch/download/minimatch-3.0.4.tgz
  /minimist/1.2.5:
    dev: false
    resolution:
      integrity: sha1-Z9ZgFLZqaoqqDAg8X9WN9OTpdgI=
      tarball: minimist/download/minimist-1.2.5.tgz
  /mkdirp/0.5.5:
    dependencies:
      minimist: 1.2.5
    dev: false
    hasBin: true
    resolution:
      integrity: sha1-2Rzv1i0UNsoPQWIOJRKI1CAJne8=
      tarball: mkdirp/download/mkdirp-0.5.5.tgz
  /mri/1.1.5:
    dev: false
    engines:
      node: '>=4'
    resolution:
      integrity: sha1-ziHbosafdKm3z4oexiMH4IniI+A=
      tarball: mri/download/mri-1.1.5.tgz
  /ms/2.0.0:
    dev: false
    resolution:
      integrity: sha1-VgiurfwAvmwpAd9fmGF4jeDVl8g=
      tarball: ms/download/ms-2.0.0.tgz
  /ms/2.1.2:
    dev: false
    resolution:
      integrity: sha1-0J0fNXtEP0kzgqjrPM0YOHKuYAk=
      tarball: ms/download/ms-2.1.2.tgz
  /mz-modules/2.1.0:
    dependencies:
      glob: 7.1.6
      ko-sleep: 1.0.3
      mkdirp: 0.5.5
      pump: 3.0.0
      rimraf: 2.7.1
    dev: false
    engines:
      node: '>=6.0.0'
    resolution:
      integrity: sha1-f1KYd6/Q1C9AmnRjuWmG1hz7z5Y=
      tarball: mz-modules/download/mz-modules-2.1.0.tgz
  /mz/2.7.0:
    dependencies:
      any-promise: 1.3.0
      object-assign: 4.1.1
      thenify-all: 1.6.0
    dev: false
    resolution:
      integrity: sha1-lQCAV6Vsr63CvGPd5/n/aVWUjjI=
      tarball: mz/download/mz-2.7.0.tgz
  /nan/2.14.1:
    dev: false
    resolution:
      integrity: sha1-174036MQW5FJTDFHCJMV7/iHSwE=
      tarball: nan/download/nan-2.14.1.tgz
  /netmask/1.0.6:
    dev: false
    engines:
      node: '>= 0.4.0'
    resolution:
      integrity: sha1-ICl+idhvb2QA8lDZ9Pa0wZRfzTU=
      tarball: netmask/download/netmask-1.0.6.tgz
  /object-assign/4.1.1:
    dev: false
    engines:
      node: '>=0.10.0'
    resolution:
      integrity: sha1-IQmtx5ZYh8/AXLvUQsrIv7s2CGM=
      tarball: object-assign/download/object-assign-4.1.1.tgz
  /once/1.4.0:
    dependencies:
      wrappy: 1.0.2
    dev: false
    resolution:
      integrity: sha1-WDsap3WWHUsROsF9nFC6753Xa9E=
      tarball: once/download/once-1.4.0.tgz
  /optionator/0.8.3:
    dependencies:
      deep-is: 0.1.3
      fast-levenshtein: 2.0.6
      levn: 0.3.0
      prelude-ls: 1.1.2
      type-check: 0.3.2
      word-wrap: 1.2.3
    dev: false
    engines:
      node: '>= 0.8.0'
    resolution:
      integrity: sha1-hPodA2/p08fiHZmIS2ARZ+yPtJU=
      tarball: optionator/download/optionator-0.8.3.tgz
  /os-name/1.0.3:
    dependencies:
      osx-release: 1.1.0
      win-release: 1.1.1
    dev: false
    engines:
      node: '>=0.10.0'
    hasBin: true
    resolution:
      integrity: sha1-GzefZINa98Wn9JizV8uVIVwVnt8=
      tarball: os-name/download/os-name-1.0.3.tgz
  /osx-release/1.1.0:
    dependencies:
      minimist: 1.2.5
    dev: false
    engines:
      node: '>=0.10.0'
    hasBin: true
    resolution:
      integrity: sha1-8heRGigTaUmvG/kwiyQeJzfTzWw=
      tarball: osx-release/download/osx-release-1.1.0.tgz
  /pac-proxy-agent/3.0.1:
    dependencies:
      agent-base: 4.3.0
      debug: 4.1.1
      get-uri: 2.0.4
      http-proxy-agent: 2.1.0
      https-proxy-agent: 3.0.1
      pac-resolver: 3.0.0
      raw-body: 2.4.1
      socks-proxy-agent: 4.0.2
    dev: false
    resolution:
      integrity: sha1-EVseWPkldsrC66cYWTynsON94q0=
      tarball: pac-proxy-agent/download/pac-proxy-agent-3.0.1.tgz
  /pac-resolver/3.0.0:
    dependencies:
      co: 4.6.0
      degenerator: 1.0.4
      ip: 1.1.5
      netmask: 1.0.6
      thunkify: 2.1.2
    dev: false
    resolution:
      integrity: sha1-auoweH2wqJFwTet4AKcip2FabyY=
      tarball: pac-resolver/download/pac-resolver-3.0.0.tgz
  /path-is-absolute/1.0.1:
    dev: false
    engines:
      node: '>=0.10.0'
    resolution:
      integrity: sha1-F0uSaHNVNP+8es5r9TpanhtcX18=
      tarball: path-is-absolute/download/path-is-absolute-1.0.1.tgz
  /pause-stream/0.0.11:
    dependencies:
      through: 2.3.8
    dev: false
    resolution:
      integrity: sha1-/lo0sMvOErWqaitAPuLnO2AvFEU=
      tarball: pause-stream/download/pause-stream-0.0.11.tgz
  /platform/1.3.5:
    dev: false
    resolution:
      integrity: sha1-+2lYxpbgfikY0u7aDwvJRI1zNEQ=
      tarball: platform/download/platform-1.3.5.tgz
  /prelude-ls/1.1.2:
    dev: false
    engines:
      node: '>= 0.8.0'
    resolution:
      integrity: sha1-IZMqVJ9eUv/ZqCf1cOBL5iqX2lQ=
      tarball: prelude-ls/download/prelude-ls-1.1.2.tgz
  /process-nextick-args/2.0.1:
    dev: false
    resolution:
      integrity: sha1-eCDZsWEgzFXKmud5JoCufbptf+I=
      tarball: process-nextick-args/download/process-nextick-args-2.0.1.tgz
  /proxy-agent/3.1.1:
    dependencies:
      agent-base: 4.3.0
      debug: 4.1.1
      http-proxy-agent: 2.1.0
      https-proxy-agent: 3.0.1
      lru-cache: 5.1.1
      pac-proxy-agent: 3.0.1
      proxy-from-env: 1.1.0
      socks-proxy-agent: 4.0.2
    dev: false
    engines:
      node: '>=6'
    resolution:
      integrity: sha1-fgTga/Nq+mJKFUC+JHtHyXC9MBQ=
      tarball: proxy-agent/download/proxy-agent-3.1.1.tgz
  /proxy-from-env/1.1.0:
    dev: false
    resolution:
      integrity: sha1-4QLxbKNVQkhldV0sno6k8k1Yw+I=
      tarball: proxy-from-env/download/proxy-from-env-1.1.0.tgz?cache=0&sync_timestamp=1583338626180&other_urls=https%3A%2F%2Fregistry.npm.taobao.org%2Fproxy-from-env%2Fdownload%2Fproxy-from-env-1.1.0.tgz
  /pump/3.0.0:
    dependencies:
      end-of-stream: 1.4.4
      once: 1.4.0
    dev: false
    resolution:
      integrity: sha1-tKIRaBW94vTh6mAjVOjHVWUQemQ=
      tarball: pump/download/pump-3.0.0.tgz
  /qs/6.9.4:
    dev: false
    engines:
      node: '>=0.6'
    resolution:
      integrity: sha1-kJCykNH5FyjTwi5UhDykSupatoc=
      tarball: qs/download/qs-6.9.4.tgz
  /raw-body/2.4.1:
    dependencies:
      bytes: 3.1.0
      http-errors: 1.7.3
      iconv-lite: 0.4.24
      unpipe: 1.0.0
    dev: false
    engines:
      node: '>= 0.8'
    resolution:
      integrity: sha1-MKyC+Yu1rowVLmcUnayNVRU7Fow=
      tarball: raw-body/download/raw-body-2.4.1.tgz
  /readable-stream/1.1.14:
    dependencies:
      core-util-is: 1.0.2
      inherits: 2.0.4
      isarray: 0.0.1
      string_decoder: 0.10.31
    dev: false
    resolution:
      integrity: sha1-fPTFTvZI44EwhMY23SB54WbAgdk=
      tarball: readable-stream/download/readable-stream-1.1.14.tgz
  /readable-stream/2.3.7:
    dependencies:
      core-util-is: 1.0.2
      inherits: 2.0.4
      isarray: 1.0.0
      process-nextick-args: 2.0.1
      safe-buffer: 5.1.2
      string_decoder: 1.1.1
      util-deprecate: 1.0.2
    dev: false
    resolution:
      integrity: sha1-Hsoc9xGu+BTAT2IlKjamL2yyO1c=
      tarball: readable-stream/download/readable-stream-2.3.7.tgz
  /rimraf/2.7.1:
    dependencies:
      glob: 7.1.6
    dev: false
    hasBin: true
    resolution:
      integrity: sha1-NXl/E6f9rcVmFCwp1PB8ytSD4+w=
      tarball: rimraf/download/rimraf-2.7.1.tgz
  /sade/1.7.3:
    dependencies:
      mri: 1.1.5
    dev: false
    engines:
      node: '>= 6'
    resolution:
      integrity: sha1-ohfMxPtKuy0nFki/SPZiiyY2+hs=
      tarball: sade/download/sade-1.7.3.tgz
  /safe-buffer/5.1.2:
    dev: false
    resolution:
      integrity: sha1-mR7GnSluAxN0fVm9/St0XDX4go0=
      tarball: safe-buffer/download/safe-buffer-5.1.2.tgz
  /safer-buffer/2.1.2:
    dev: false
    resolution:
      integrity: sha1-RPoWGwGHuVSd2Eu5GAL5vYOFzWo=
      tarball: safer-buffer/download/safer-buffer-2.1.2.tgz
  /sax/1.2.4:
    dev: false
    resolution:
      integrity: sha1-KBYjTiN4vdxOU1T6tcqold9xANk=
      tarball: sax/download/sax-1.2.4.tgz
  /sdk-base/2.0.1:
    dependencies:
      get-ready: 1.0.0
    dev: false
    resolution:
      integrity: sha1-ukAonovfJy7RHdnql+r5jgNtJMY=
      tarball: sdk-base/download/sdk-base-2.0.1.tgz
  /semver/5.7.1:
    dev: false
    hasBin: true
    resolution:
      integrity: sha1-qVT5Ma66UI0we78Gnv8MAclhFvc=
      tarball: semver/download/semver-5.7.1.tgz?cache=0&sync_timestamp=1589722703624&other_urls=https%3A%2F%2Fregistry.npm.taobao.org%2Fsemver%2Fdownload%2Fsemver-5.7.1.tgz
  /setprototypeof/1.1.1:
    dev: false
    resolution:
      integrity: sha1-fpWsskqpL1iF4KvvW6ExMw1K5oM=
      tarball: setprototypeof/download/setprototypeof-1.1.1.tgz?cache=0&sync_timestamp=1563426193303&other_urls=https%3A%2F%2Fregistry.npm.taobao.org%2Fsetprototypeof%2Fdownload%2Fsetprototypeof-1.1.1.tgz
  /smart-buffer/4.1.0:
    dev: false
    engines:
      node: '>= 6.0.0'
      npm: '>= 3.0.0'
    resolution:
      integrity: sha1-kWBcJdkWUvRmHqacz0XxszHKIbo=
      tarball: smart-buffer/download/smart-buffer-4.1.0.tgz
  /socks-proxy-agent/4.0.2:
    dependencies:
      agent-base: 4.2.1
      socks: 2.3.3
    dev: false
    engines:
      node: '>= 6'
    resolution:
      integrity: sha1-PImR8xRbJ5nnDhG9X7yLGWMRY4Y=
      tarball: socks-proxy-agent/download/socks-proxy-agent-4.0.2.tgz
  /socks/2.3.3:
    dependencies:
      ip: 1.1.5
      smart-buffer: 4.1.0
    dev: false
    engines:
      node: '>= 6.0.0'
      npm: '>= 3.0.0'
    resolution:
      integrity: sha1-ARKfCl1TTSuJdxLtis6rfuZdeOM=
      tarball: socks/download/socks-2.3.3.tgz
  /source-map/0.6.1:
    dev: false
    engines:
      node: '>=0.10.0'
    optional: true
    resolution:
      integrity: sha1-dHIq8y6WFOnCh6jQu95IteLxomM=
      tarball: source-map/download/source-map-0.6.1.tgz
  /statuses/1.5.0:
    dev: false
    engines:
      node: '>= 0.6'
    resolution:
      integrity: sha1-Fhx9rBd2Wf2YEfQ3cfqZOBR4Yow=
      tarball: statuses/download/statuses-1.5.0.tgz
  /stream-http/2.8.2:
    dependencies:
      builtin-status-codes: 3.0.0
      inherits: 2.0.4
      readable-stream: 2.3.7
      to-arraybuffer: 1.0.1
      xtend: 4.0.2
    dev: false
    resolution:
      integrity: sha1-QSboxrEHAERlkYqi/DVUnndALIc=
      tarball: stream-http/download/stream-http-2.8.2.tgz
  /stream-wormhole/1.1.0:
    dev: false
    engines:
      node: '>=4.0.0'
    resolution:
      integrity: sha1-MAr/Rs7VU8/sZCoFJRiFQXaTwz0=
      tarball: stream-wormhole/download/stream-wormhole-1.1.0.tgz
  /string_decoder/0.10.31:
    dev: false
    resolution:
      integrity: sha1-YuIDvEF2bGwoyfyEMB2rHFMQ+pQ=
      tarball: string_decoder/download/string_decoder-0.10.31.tgz
  /string_decoder/1.1.1:
    dependencies:
      safe-buffer: 5.1.2
    dev: false
    resolution:
      integrity: sha1-nPFhG6YmhdcDCunkujQUnDrwP8g=
      tarball: string_decoder/download/string_decoder-1.1.1.tgz
  /supports-color/7.1.0:
    dependencies:
      has-flag: 4.0.0
    dev: false
    engines:
      node: '>=8'
    resolution:
      integrity: sha1-aOMlkd9z4lrRxLSRCKLsUHliv9E=
      tarball: supports-color/download/supports-color-7.1.0.tgz
  /thenify-all/1.6.0:
    dependencies:
      thenify: 3.3.0
    dev: false
    engines:
      node: '>=0.8'
    resolution:
      integrity: sha1-GhkY1ALY/D+Y+/I02wvMjMEOlyY=
      tarball: thenify-all/download/thenify-all-1.6.0.tgz
  /thenify/3.3.0:
    dependencies:
      any-promise: 1.3.0
    dev: false
    resolution:
      integrity: sha1-5p44obq+lpsBCCB5eLn2K4hgSDk=
      tarball: thenify/download/thenify-3.3.0.tgz
  /through/2.3.8:
    dev: false
    resolution:
      integrity: sha1-DdTJ/6q8NXlgsbckEV1+Doai4fU=
      tarball: through/download/through-2.3.8.tgz
  /thunkify/2.1.2:
    dev: false
    resolution:
      integrity: sha1-+qDp0jDFGsyVyhOjYawFyn4EVT0=
      tarball: thunkify/download/thunkify-2.1.2.tgz
  /to-arraybuffer/1.0.1:
    dev: false
    resolution:
      integrity: sha1-fSKbH8xjfkZsoIEYCDanqr/4P0M=
      tarball: to-arraybuffer/download/to-arraybuffer-1.0.1.tgz
  /toidentifier/1.0.0:
    dev: false
    engines:
      node: '>=0.6'
    resolution:
      integrity: sha1-fhvjRw8ed5SLxD2Uo8j013UrpVM=
      tarball: toidentifier/download/toidentifier-1.0.0.tgz
  /type-check/0.3.2:
    dependencies:
      prelude-ls: 1.1.2
    dev: false
    engines:
      node: '>= 0.8.0'
    resolution:
      integrity: sha1-WITKtRLPHTVeP7eE8wgEsrUg23I=
      tarball: type-check/download/type-check-0.3.2.tgz
  /unescape/1.0.1:
    dependencies:
      extend-shallow: 2.0.1
    dev: false
    engines:
      node: '>=0.10.0'
    resolution:
      integrity: sha1-lW5DD2HK2KTVfYLFGPXmzF0N2pY=
      tarball: unescape/download/unescape-1.0.1.tgz
  /unpipe/1.0.0:
    dev: false
    engines:
      node: '>= 0.8'
    resolution:
      integrity: sha1-sr9O6FFKrmFltIF4KdIbLvSZBOw=
      tarball: unpipe/download/unpipe-1.0.0.tgz
  /urllib/2.35.0:
    dependencies:
      any-promise: 1.3.0
      content-type: 1.0.4
      debug: 2.6.9
      default-user-agent: 1.0.0
      digest-header: 0.0.1
      ee-first: 1.1.1
      formstream: 1.1.0
      humanize-ms: 1.2.1
      iconv-lite: 0.4.24
      ip: 1.1.5
      proxy-agent: 3.1.1
      pump: 3.0.0
      qs: 6.9.4
      statuses: 1.5.0
      utility: 1.16.3
    dev: false
    engines:
      node: '>= 0.10.0'
    resolution:
      integrity: sha1-R2aaDk7KJExSlpMsCvGtEUimgzk=
      tarball: urllib/download/urllib-2.35.0.tgz
  /util-deprecate/1.0.2:
    dev: false
    resolution:
      integrity: sha1-RQ1Nyfpw3nMnYvvS1KKJgUGaDM8=
      tarball: util-deprecate/download/util-deprecate-1.0.2.tgz
  /utility/0.1.11:
    dependencies:
      address: 1.1.2
    dev: false
    engines:
      node: '>= 0.8.0'
    resolution:
      integrity: sha1-/eYM+bTkdRlHoM9dEEzik2ciZxU=
      tarball: utility/download/utility-0.1.11.tgz
  /utility/1.16.3:
    dependencies:
      copy-to: 2.0.1
      escape-html: 1.0.3
      mkdirp: 0.5.5
      mz: 2.7.0
      unescape: 1.0.1
    dev: false
    engines:
      node: '>= 0.12.0'
    resolution:
      integrity: sha1-Xf0R3nTmv92CbMShZ+YwHZL0tw0=
      tarball: utility/download/utility-1.16.3.tgz
  /win-release/1.1.1:
    dependencies:
      semver: 5.7.1
    dev: false
    engines:
      node: '>=0.10.0'
    resolution:
      integrity: sha1-X6VeAr58qTTt/BJmVjLoSbcuUgk=
      tarball: win-release/download/win-release-1.1.1.tgz?cache=0&other_urls=https%3A%2F%2Fregistry.npm.taobao.org%2Fwin-release%2Fdownload%2Fwin-release-1.1.1.tgz
  /word-wrap/1.2.3:
    dev: false
    engines:
      node: '>=0.10.0'
    resolution:
      integrity: sha1-YQY29rH3A4kb00dxzLF/uTtHB5w=
      tarball: word-wrap/download/word-wrap-1.2.3.tgz
  /wrappy/1.0.2:
    dev: false
    resolution:
      integrity: sha1-tSQ9jz7BqjXxNkYFvA0QNuMKtp8=
      tarball: wrappy/download/wrappy-1.0.2.tgz?cache=0&other_urls=https%3A%2F%2Fregistry.npm.taobao.org%2Fwrappy%2Fdownload%2Fwrappy-1.0.2.tgz
  /xml2js/0.4.23:
    dependencies:
      sax: 1.2.4
      xmlbuilder: 11.0.1
    dev: false
    engines:
      node: '>=4.0.0'
    resolution:
      integrity: sha1-oMaVFnUkIesqx1juTUzPWIQ+rGY=
      tarball: xml2js/download/xml2js-0.4.23.tgz
  /xmlbuilder/11.0.1:
    dev: false
    engines:
      node: '>=4.0'
    resolution:
      integrity: sha1-vpuuHIoEbnazESdyY0fQrXACvrM=
      tarball: xmlbuilder/download/xmlbuilder-11.0.1.tgz
  /xregexp/2.0.0:
    dev: false
    resolution:
      integrity: sha1-UqY+VsoLhKfzpfPWGHLxJq16WUM=
      tarball: xregexp/download/xregexp-2.0.0.tgz
  /xtend/4.0.2:
    dev: false
    engines:
      node: '>=0.4'
    resolution:
      integrity: sha1-u3J3n1+kZRhrH0OPZ0+jR/2121Q=
      tarball: xtend/download/xtend-4.0.2.tgz
  /xxhash/0.3.0:
    dependencies:
      nan: 2.14.1
    dev: false
    engines:
      node: '>=4.0.0'
    requiresBuild: true
    resolution:
      integrity: sha1-0giTpixbD3JgWX3VWFmxKh4CxVk=
      tarball: xxhash/download/xxhash-0.3.0.tgz
  /yallist/3.1.1:
    dev: false
    resolution:
      integrity: sha1-27fa+b/YusmrRev2ArjLrQ1dCP0=
      tarball: yallist/download/yallist-3.1.1.tgz
specifiers:
  '@types/node': ^14.0.11
  '@types/sade': ^1.7.1
  ali-oss: ^6.9.0
  chalk: ^4.0.0
  ignore: ^5.1.8
  sade: ^1.7.3
  xxhash: ^0.3.0
